
Microsoft Visual Studio Solution File, Format Version 12.00
# Visual Studio Version 17
VisualStudioVersion = 17.12.35514.174 d17.12
MinimumVisualStudioVersion = 10.0.40219.1
Project("{2150E333-8FDC-42A3-9474-1A3956D46DE8}") = "src", "src", "{89BB4A8E-3786-4116-933C-8F38A3548987}"
EndProject
Project("{2150E333-8FDC-42A3-9474-1A3956D46DE8}") = "API", "API", "{AC5A4C65-FD74-4FC3-8388-7D5BAC361621}"
EndProject
Project("{2150E333-8FDC-42A3-9474-1A3956D46DE8}") = "Common", "Common", "{15FD9B8F-05BD-4DC2-A111-6D441D2FE04C}"
EndProject
Project("{2150E333-8FDC-42A3-9474-1A3956D46DE8}") = "Infrastructure", "Infrastructure", "{439E8BCA-A12A-4854-AB8B-736DA8C37865}"
EndProject
Project("{2150E333-8FDC-42A3-9474-1A3956D46DE8}") = "Core", "Core", "{E401EF6D-0CDC-4E59-A7D9-C3A78C31AF63}"
EndProject
Project("{FAE04EC0-301F-11D3-BF4B-00C04F79EFBC}") = "Tarker.Booking.API", "src\Tarker.Booking.API\Tarker.Booking.API.csproj", "{B7903DD6-3B6C-4CEC-B22F-4B367A9EADB1}"
EndProject
Project("{FAE04EC0-301F-11D3-BF4B-00C04F79EFBC}") = "Tarker.Booking.Domain", "src\Tarker.Booking.Domain\Tarker.Booking.Domain.csproj", "{526EDCBE-4BAA-49EE-8242-B29F252029A8}"
EndProject
Project("{FAE04EC0-301F-11D3-BF4B-00C04F79EFBC}") = "Tarker.Booking.Application", "src\Tarker.Booking.Application\Tarker.Booking.Application.csproj", "{7DBADB46-96BC-4B65-AB87-31B7D2773808}"
EndProject
Project("{FAE04EC0-301F-11D3-BF4B-00C04F79EFBC}") = "Tarker.Booking.Persistence", "src\Tarker.Booking.Persistence\Tarker.Booking.Persistence.csproj", "{002D9D5C-2466-4EB8-9BEF-07EFD4FBF916}"
EndProject
Project("{FAE04EC0-301F-11D3-BF4B-00C04F79EFBC}") = "Tarker.Booking.External", "src\Tarker.Booking.External\Tarker.Booking.External.csproj", "{72298793-681F-43D2-A180-FE429185A667}"
EndProject
Project("{FAE04EC0-301F-11D3-BF4B-00C04F79EFBC}") = "Tarker.Booking.Common", "src\Tarker.Booking.Common\Tarker.Booking.Common.csproj", "{8A724D99-BA39-4F97-A606-FEACA4601CAA}"
EndProject
Global
	GlobalSection(SolutionConfigurationPlatforms) = preSolution
		Debug|Any CPU = Debug|Any CPU
		Release|Any CPU = Release|Any CPU
	EndGlobalSection
	GlobalSection(ProjectConfigurationPlatforms) = postSolution
		{B7903DD6-3B6C-4CEC-B22F-4B367A9EADB1}.Debug|Any CPU.ActiveCfg = Debug|Any CPU
		{B7903DD6-3B6C-4CEC-B22F-4B367A9EADB1}.Debug|Any CPU.Build.0 = Debug|Any CPU
		{B7903DD6-3B6C-4CEC-B22F-4B367A9EADB1}.Release|Any CPU.ActiveCfg = Release|Any CPU
		{B7903DD6-3B6C-4CEC-B22F-4B367A9EADB1}.Release|Any CPU.Build.0 = Release|Any CPU
		{526EDCBE-4BAA-49EE-8242-B29F252029A8}.Debug|Any CPU.ActiveCfg = Debug|Any CPU
		{526EDCBE-4BAA-49EE-8242-B29F252029A8}.Debug|Any CPU.Build.0 = Debug|Any CPU
		{526EDCBE-4BAA-49EE-8242-B29F252029A8}.Release|Any CPU.ActiveCfg = Release|Any CPU
		{526EDCBE-4BAA-49EE-8242-B29F252029A8}.Release|Any CPU.Build.0 = Release|Any CPU
		{7DBADB46-96BC-4B65-AB87-31B7D2773808}.Debug|Any CPU.ActiveCfg = Debug|Any CPU
		{7DBADB46-96BC-4B65-AB87-31B7D2773808}.Debug|Any CPU.Build.0 = Debug|Any CPU
		{7DBADB46-96BC-4B65-AB87-31B7D2773808}.Release|Any CPU.ActiveCfg = Release|Any CPU
		{7DBADB46-96BC-4B65-AB87-31B7D2773808}.Release|Any CPU.Build.0 = Release|Any CPU
		{002D9D5C-2466-4EB8-9BEF-07EFD4FBF916}.Debug|Any CPU.ActiveCfg = Debug|Any CPU
		{002D9D5C-2466-4EB8-9BEF-07EFD4FBF916}.Debug|Any CPU.Build.0 = Debug|Any CPU
		{002D9D5C-2466-4EB8-9BEF-07EFD4FBF916}.Release|Any CPU.ActiveCfg = Release|Any CPU
		{002D9D5C-2466-4EB8-9BEF-07EFD4FBF916}.Release|Any CPU.Build.0 = Release|Any CPU
		{72298793-681F-43D2-A180-FE429185A667}.Debug|Any CPU.ActiveCfg = Debug|Any CPU
		{72298793-681F-43D2-A180-FE429185A667}.Debug|Any CPU.Build.0 = Debug|Any CPU
		{72298793-681F-43D2-A180-FE429185A667}.Release|Any CPU.ActiveCfg = Release|Any CPU
		{72298793-681F-43D2-A180-FE429185A667}.Release|Any CPU.Build.0 = Release|Any CPU
		{8A724D99-BA39-4F97-A606-FEACA4601CAA}.Debug|Any CPU.ActiveCfg = Debug|Any CPU
		{8A724D99-BA39-4F97-A606-FEACA4601CAA}.Debug|Any CPU.Build.0 = Debug|Any CPU
		{8A724D99-BA39-4F97-A606-FEACA4601CAA}.Release|Any CPU.ActiveCfg = Release|Any CPU
		{8A724D99-BA39-4F97-A606-FEACA4601CAA}.Release|Any CPU.Build.0 = Release|Any CPU
	EndGlobalSection
	GlobalSection(SolutionProperties) = preSolution
		HideSolutionNode = FALSE
	EndGlobalSection
	GlobalSection(NestedProjects) = preSolution
		{AC5A4C65-FD74-4FC3-8388-7D5BAC361621} = {89BB4A8E-3786-4116-933C-8F38A3548987}
		{15FD9B8F-05BD-4DC2-A111-6D441D2FE04C} = {89BB4A8E-3786-4116-933C-8F38A3548987}
		{439E8BCA-A12A-4854-AB8B-736DA8C37865} = {89BB4A8E-3786-4116-933C-8F38A3548987}
		{E401EF6D-0CDC-4E59-A7D9-C3A78C31AF63} = {89BB4A8E-3786-4116-933C-8F38A3548987}
		{B7903DD6-3B6C-4CEC-B22F-4B367A9EADB1} = {AC5A4C65-FD74-4FC3-8388-7D5BAC361621}
		{526EDCBE-4BAA-49EE-8242-B29F252029A8} = {E401EF6D-0CDC-4E59-A7D9-C3A78C31AF63}
		{7DBADB46-96BC-4B65-AB87-31B7D2773808} = {E401EF6D-0CDC-4E59-A7D9-C3A78C31AF63}
		{002D9D5C-2466-4EB8-9BEF-07EFD4FBF916} = {439E8BCA-A12A-4854-AB8B-736DA8C37865}
		{72298793-681F-43D2-A180-FE429185A667} = {439E8BCA-A12A-4854-AB8B-736DA8C37865}
		{8A724D99-BA39-4F97-A606-FEACA4601CAA} = {15FD9B8F-05BD-4DC2-A111-6D441D2FE04C}
	EndGlobalSection
EndGlobal
